// !$*UTF8*$!
{
	archiveVersion = 1;
	classes = {
	};
	objectVersion = 46;
	objects = {

/* Begin PBXBuildFile section */
		0E9CB5DA1ED05BB8008C2A75 /* ViewController_log.m in Sources */ = {isa = PBXBuildFile; fileRef = 0E9CB5D21ED05BB8008C2A75 /* ViewController_log.m */; };
		0E9CB5DB1ED05BB8008C2A75 /* ZWIntercepter.m in Sources */ = {isa = PBXBuildFile; fileRef = 0E9CB5D41ED05BB8008C2A75 /* ZWIntercepter.m */; };
		0EEFFB1E1EDDBB0A0097FB05 /* Aspects.m in Sources */ = {isa = PBXBuildFile; fileRef = 0EEFFB1D1EDDBB0A0097FB05 /* Aspects.m */; };
		0EEFFB211EDDBB5C0097FB05 /* ViewController+Click.m in Sources */ = {isa = PBXBuildFile; fileRef = 0EEFFB201EDDBB5C0097FB05 /* ViewController+Click.m */; };
		AEBFEAA51D51ED3300ECB23D /* main.m in Sources */ = {isa = PBXBuildFile; fileRef = AEBFEAA41D51ED3300ECB23D /* main.m */; };
		AEBFEAA81D51ED3300ECB23D /* AppDelegate.m in Sources */ = {isa = PBXBuildFile; fileRef = AEBFEAA71D51ED3300ECB23D /* AppDelegate.m */; };
		AEBFEAAB1D51ED3300ECB23D /* ViewController.m in Sources */ = {isa = PBXBuildFile; fileRef = AEBFEAAA1D51ED3300ECB23D /* ViewController.m */; };
		AEBFEAAE1D51ED3300ECB23D /* Main.storyboard in Resources */ = {isa = PBXBuildFile; fileRef = AEBFEAAC1D51ED3300ECB23D /* Main.storyboard */; };
		AEBFEAB01D51ED3300ECB23D /* Assets.xcassets in Resources */ = {isa = PBXBuildFile; fileRef = AEBFEAAF1D51ED3300ECB23D /* Assets.xcassets */; };
		AEBFEAB31D51ED3300ECB23D /* LaunchScreen.storyboard in Resources */ = {isa = PBXBuildFile; fileRef = AEBFEAB11D51ED3300ECB23D /* LaunchScreen.storyboard */; };
/* End PBXBuildFile section */

/* Begin PBXFileReference section */
		0E9CB5D11ED05BB8008C2A75 /* ViewController_log.h */ = {isa = PBXFileReference; fileEncoding = 4; lastKnownFileType = sourcecode.c.h; path = ViewController_log.h; sourceTree = "<group>"; };
		0E9CB5D21ED05BB8008C2A75 /* ViewController_log.m */ = {isa = PBXFileReference; fileEncoding = 4; lastKnownFileType = sourcecode.c.objc; path = ViewController_log.m; sourceTree = "<group>"; };
		0E9CB5D31ED05BB8008C2A75 /* ZWIntercepter.h */ = {isa = PBXFileReference; fileEncoding = 4; lastKnownFileType = sourcecode.c.h; path = ZWIntercepter.h; sourceTree = "<group>"; };
		0E9CB5D41ED05BB8008C2A75 /* ZWIntercepter.m */ = {isa = PBXFileReference; fileEncoding = 4; lastKnownFileType = sourcecode.c.objc; path = ZWIntercepter.m; sourceTree = "<group>"; };
		0E9CB5D81ED05BB8008C2A75 /* Singleton.h */ = {isa = PBXFileReference; fileEncoding = 4; lastKnownFileType = sourcecode.c.h; path = Singleton.h; sourceTree = "<group>"; };
		0E9CB5D91ED05BB8008C2A75 /* ZWSingleton.h */ = {isa = PBXFileReference; fileEncoding = 4; lastKnownFileType = sourcecode.c.h; path = ZWSingleton.h; sourceTree = "<group>"; };
		0EEFFB1C1EDDBB0A0097FB05 /* Aspects.h */ = {isa = PBXFileReference; fileEncoding = 4; lastKnownFileType = sourcecode.c.h; path = Aspects.h; sourceTree = "<group>"; };
		0EEFFB1D1EDDBB0A0097FB05 /* Aspects.m */ = {isa = PBXFileReference; fileEncoding = 4; lastKnownFileType = sourcecode.c.objc; path = Aspects.m; sourceTree = "<group>"; };
		0EEFFB1F1EDDBB5C0097FB05 /* ViewController+Click.h */ = {isa = PBXFileReference; fileEncoding = 4; lastKnownFileType = sourcecode.c.h; path = "ViewController+Click.h"; sourceTree = "<group>"; };
		0EEFFB201EDDBB5C0097FB05 /* ViewController+Click.m */ = {isa = PBXFileReference; fileEncoding = 4; lastKnownFileType = sourcecode.c.objc; path = "ViewController+Click.m"; sourceTree = "<group>"; };
		AEBFEAA01D51ED3300ECB23D /* IntercepterDemo.app */ = {isa = PBXFileReference; explicitFileType = wrapper.application; includeInIndex = 0; path = IntercepterDemo.app; sourceTree = BUILT_PRODUCTS_DIR; };
		AEBFEAA41D51ED3300ECB23D /* main.m */ = {isa = PBXFileReference; lastKnownFileType = sourcecode.c.objc; path = main.m; sourceTree = "<group>"; };
		AEBFEAA61D51ED3300ECB23D /* AppDelegate.h */ = {isa = PBXFileReference; lastKnownFileType = sourcecode.c.h; path = AppDelegate.h; sourceTree = "<group>"; };
		AEBFEAA71D51ED3300ECB23D /* AppDelegate.m */ = {isa = PBXFileReference; lastKnownFileType = sourcecode.c.objc; path = AppDelegate.m; sourceTree = "<group>"; };
		AEBFEAA91D51ED3300ECB23D /* ViewController.h */ = {isa = PBXFileReference; lastKnownFileType = sourcecode.c.h; path = ViewController.h; sourceTree = "<group>"; };
		AEBFEAAA1D51ED3300ECB23D /* ViewController.m */ = {isa = PBXFileReference; lastKnownFileType = sourcecode.c.objc; path = ViewController.m; sourceTree = "<group>"; };
		AEBFEAAD1D51ED3300ECB23D /* Base */ = {isa = PBXFileReference; lastKnownFileType = file.storyboard; name = Base; path = Base.lproj/Main.storyboard; sourceTree = "<group>"; };
		AEBFEAAF1D51ED3300ECB23D /* Assets.xcassets */ = {isa = PBXFileReference; lastKnownFileType = folder.assetcatalog; path = Assets.xcassets; sourceTree = "<group>"; };
		AEBFEAB21D51ED3300ECB23D /* Base */ = {isa = PBXFileReference; lastKnownFileType = file.storyboard; name = Base; path = Base.lproj/LaunchScreen.storyboard; sourceTree = "<group>"; };
		AEBFEAB41D51ED3300ECB23D /* Info.plist */ = {isa = PBXFileReference; lastKnownFileType = text.plist.xml; path = Info.plist; sourceTree = "<group>"; };
/* End PBXFileReference section */

/* Begin PBXFrameworksBuildPhase section */
		AEBFEA9D1D51ED3300ECB23D /* Frameworks */ = {
			isa = PBXFrameworksBuildPhase;
			buildActionMask = 2147483647;
			files = (
			);
			runOnlyForDeploymentPostprocessing = 0;
		};
/* End PBXFrameworksBuildPhase section */

/* Begin PBXGroup section */
		0E9CB5D01ED05BB8008C2A75 /* Hook */ = {
			isa = PBXGroup;
			children = (
				0E9CB5D11ED05BB8008C2A75 /* ViewController_log.h */,
				0E9CB5D21ED05BB8008C2A75 /* ViewController_log.m */,
				0E9CB5D31ED05BB8008C2A75 /* ZWIntercepter.h */,
				0E9CB5D41ED05BB8008C2A75 /* ZWIntercepter.m */,
			);
			path = Hook;
			sourceTree = "<group>";
		};
		0E9CB5D51ED05BB8008C2A75 /* Singleton */ = {
			isa = PBXGroup;
			children = (
				0E9CB5D81ED05BB8008C2A75 /* Singleton.h */,
				0E9CB5D91ED05BB8008C2A75 /* ZWSingleton.h */,
			);
			path = Singleton;
			sourceTree = "<group>";
		};
		0EEFFB1B1EDDBAFA0097FB05 /* Aspect */ = {
			isa = PBXGroup;
			children = (
				0EEFFB1C1EDDBB0A0097FB05 /* Aspects.h */,
				0EEFFB1D1EDDBB0A0097FB05 /* Aspects.m */,
				0EEFFB1F1EDDBB5C0097FB05 /* ViewController+Click.h */,
				0EEFFB201EDDBB5C0097FB05 /* ViewController+Click.m */,
			);
			path = Aspect;
			sourceTree = "<group>";
		};
		AEBFEA971D51ED3300ECB23D = {
			isa = PBXGroup;
			children = (
				AEBFEAA21D51ED3300ECB23D /* IntercepterDemo */,
				AEBFEAA11D51ED3300ECB23D /* Products */,
			);
			sourceTree = "<group>";
		};
		AEBFEAA11D51ED3300ECB23D /* Products */ = {
			isa = PBXGroup;
			children = (
				AEBFEAA01D51ED3300ECB23D /* IntercepterDemo.app */,
			);
			name = Products;
			sourceTree = "<group>";
		};
		AEBFEAA21D51ED3300ECB23D /* IntercepterDemo */ = {
			isa = PBXGroup;
			children = (
				0EEFFB1B1EDDBAFA0097FB05 /* Aspect */,
				0E9CB5D01ED05BB8008C2A75 /* Hook */,
				0E9CB5D51ED05BB8008C2A75 /* Singleton */,
				AEBFEAA61D51ED3300ECB23D /* AppDelegate.h */,
				AEBFEAA71D51ED3300ECB23D /* AppDelegate.m */,
				AEBFEAA91D51ED3300ECB23D /* ViewController.h */,
				AEBFEAAA1D51ED3300ECB23D /* ViewController.m */,
				AEBFEAAC1D51ED3300ECB23D /* Main.storyboard */,
				AEBFEAAF1D51ED3300ECB23D /* Assets.xcassets */,
				AEBFEAB11D51ED3300ECB23D /* LaunchScreen.storyboard */,
				AEBFEAB41D51ED3300ECB23D /* Info.plist */,
				AEBFEAA31D51ED3300ECB23D /* Supporting Files */,
			);
			path = IntercepterDemo;
			sourceTree = "<group>";
		};
		AEBFEAA31D51ED3300ECB23D /* Supporting Files */ = {
			isa = PBXGroup;
			children = (
				AEBFEAA41D51ED3300ECB23D /* main.m */,
			);
			name = "Supporting Files";
			sourceTree = "<group>";
		};
/* End PBXGroup section */

/* Begin PBXNativeTarget section */
		AEBFEA9F1D51ED3300ECB23D /* IntercepterDemo */ = {
			isa = PBXNativeTarget;
			buildConfigurationList = AEBFEAB71D51ED3300ECB23D /* Build configuration list for PBXNativeTarget "IntercepterDemo" */;
			buildPhases = (
				AEBFEA9C1D51ED3300ECB23D /* Sources */,
				AEBFEA9D1D51ED3300ECB23D /* Frameworks */,
				AEBFEA9E1D51ED3300ECB23D /* Resources */,
			);
			buildRules = (
			);
			dependencies = (
			);
			name = IntercepterDemo;
			productName = IntercepterDemo;
			productReference = AEBFEAA01D51ED3300ECB23D /* IntercepterDemo.app */;
			productType = "com.apple.product-type.application";
		};
/* End PBXNativeTarget section */

/* Begin PBXProject section */
		AEBFEA981D51ED3300ECB23D /* Project object */ = {
			isa = PBXProject;
			attributes = {
				LastUpgradeCheck = 0730;
				ORGANIZATIONNAME = teacher;
				TargetAttributes = {
					AEBFEA9F1D51ED3300ECB23D = {
						CreatedOnToolsVersion = 7.3;
						DevelopmentTeam = FMD48QW6R3;
					};
				};
			};
			buildConfigurationList = AEBFEA9B1D51ED3300ECB23D /* Build configuration list for PBXProject "IntercepterDemo" */;
			compatibilityVersion = "Xcode 3.2";
			developmentRegion = English;
			hasScannedForEncodings = 0;
			knownRegions = (
				en,
				Base,
			);
			mainGroup = AEBFEA971D51ED3300ECB23D;
			productRefGroup = AEBFEAA11D51ED3300ECB23D /* Products */;
			projectDirPath = "";
			projectRoot = "";
			targets = (
				AEBFEA9F1D51ED3300ECB23D /* IntercepterDemo */,
			);
		};
/* End PBXProject section */

/* Begin PBXResourcesBuildPhase section */
		AEBFEA9E1D51ED3300ECB23D /* Resources */ = {
			isa = PBXResourcesBuildPhase;
			buildActionMask = 2147483647;
			files = (
				AEBFEAB31D51ED3300ECB23D /* LaunchScreen.storyboard in Resources */,
				AEBFEAB01D51ED3300ECB23D /* Assets.xcassets in Resources */,
				AEBFEAAE1D51ED3300ECB23D /* Main.storyboard in Resources */,
			);
			runOnlyForDeploymentPostprocessing = 0;
		};
/* End PBXResourcesBuildPhase section */

/* Begin PBXSourcesBuildPhase section */
		AEBFEA9C1D51ED3300ECB23D /* Sources */ = {
			isa = PBXSourcesBuildPhase;
			buildActionMask = 2147483647;
			files = (
				AEBFEAAB1D51ED3300ECB23D /* ViewController.m in Sources */,
				AEBFEAA81D51ED3300ECB23D /* AppDelegate.m in Sources */,
				AEBFEAA51D51ED3300ECB23D /* main.m in Sources */,
				0E9CB5DB1ED05BB8008C2A75 /* ZWIntercepter.m in Sources */,
				0EEFFB211EDDBB5C0097FB05 /* ViewController+Click.m in Sources */,
				0E9CB5DA1ED05BB8008C2A75 /* ViewController_log.m in Sources */,
				0EEFFB1E1EDDBB0A0097FB05 /* Aspects.m in Sources */,
			);
			runOnlyForDeploymentPostprocessing = 0;
		};
/* End PBXSourcesBuildPhase section */

/* Begin PBXVariantGroup section */
		AEBFEAAC1D51ED3300ECB23D /* Main.storyboard */ = {
			isa = PBXVariantGroup;
			children = (
				AEBFEAAD1D51ED3300ECB23D /* Base */,
			);
			name = Main.storyboard;
			sourceTree = "<group>";
		};
		AEBFEAB11D51ED3300ECB23D /* LaunchScreen.storyboard */ = {
			isa = PBXVariantGroup;
			children = (
				AEBFEAB21D51ED3300ECB23D /* Base */,
			);
			name = LaunchScreen.storyboard;
			sourceTree = "<group>";
		};
/* End PBXVariantGroup section */

/* Begin XCBuildConfiguration section */
		AEBFEAB51D51ED3300ECB23D /* Debug */ = {
			isa = XCBuildConfiguration;
			buildSettings = {
				ALWAYS_SEARCH_USER_PATHS = NO;
				CLANG_ANALYZER_NONNULL = YES;
				CLANG_CXX_LANGUAGE_STANDARD = "gnu++0x";
				CLANG_CXX_LIBRARY = "libc++";
				CLANG_ENABLE_MODULES = YES;
				CLANG_ENABLE_OBJC_ARC = YES;
				CLANG_WARN_BOOL_CONVERSION = YES;
				CLANG_WARN_CONSTANT_CONVERSION = YES;
				CLANG_WARN_DIRECT_OBJC_ISA_USAGE = YES_ERROR;
				CLANG_WARN_EMPTY_BODY = YES;
				CLANG_WARN_ENUM_CONVERSION = YES;
				CLANG_WARN_INT_CONVERSION = YES;
				CLANG_WARN_OBJC_ROOT_CLASS = YES_ERROR;
				CLANG_WARN_UNREACHABLE_CODE = YES;
				CLANG_WARN__DUPLICATE_METHOD_MATCH = YES;
				"CODE_SIGN_IDENTITY[sdk=iphoneos*]" = "iPhone Developer";
				COPY_PHASE_STRIP = NO;
				DEBUG_INFORMATION_FORMAT = dwarf;
				ENABLE_STRICT_OBJC_MSGSEND = YES;
				ENABLE_TESTABILITY = YES;
				GCC_C_LANGUAGE_STANDARD = gnu99;
				GCC_DYNAMIC_NO_PIC = NO;
				GCC_NO_COMMON_BLOCKS = YES;
				GCC_OPTIMIZATION_LEVEL = 0;
				GCC_PREPROCESSOR_DEFINITIONS = (
					"DEBUG=1",
					"$(inherited)",
				);
				GCC_WARN_64_TO_32_BIT_CONVERSION = YES;
				GCC_WARN_ABOUT_RETURN_TYPE = YES_ERROR;
				GCC_WARN_UNDECLARED_SELECTOR = YES;
				GCC_WARN_UNINITIALIZED_AUTOS = YES_AGGRESSIVE;
				GCC_WARN_UNUSED_FUNCTION = YES;
				GCC_WARN_UNUSED_VARIABLE = YES;
				IPHONEOS_DEPLOYMENT_TARGET = 9.3;
				MTL_ENABLE_DEBUG_INFO = YES;
				ONLY_ACTIVE_ARCH = YES;
				SDKROOT = iphoneos;
			};
			name = Debug;
		};
		AEBFEAB61D51ED3300ECB23D /* Release */ = {
			isa = XCBuildConfiguration;
			buildSettings = {
				ALWAYS_SEARCH_USER_PATHS = NO;
				CLANG_ANALYZER_NONNULL = YES;
				CLANG_CXX_LANGUAGE_STANDARD = "gnu++0x";
				CLANG_CXX_LIBRARY = "libc++";
				CLANG_ENABLE_MODULES = YES;
				CLANG_ENABLE_OBJC_ARC = YES;
				CLANG_WARN_BOOL_CONVERSION = YES;
				CLANG_WARN_CONSTANT_CONVERSION = YES;
				CLANG_WARN_DIRECT_OBJC_ISA_USAGE = YES_ERROR;
				CLANG_WARN_EMPTY_BODY = YES;
				CLANG_WARN_ENUM_CONVERSION = YES;
				CLANG_WARN_INT_CONVERSION = YES;
				CLANG_WARN_OBJC_ROOT_CLASS = YES_ERROR;
				CLANG_WARN_UNREACHABLE_CODE = YES;
				CLANG_WARN__DUPLICATE_METHOD_MATCH = YES;
				"CODE_SIGN_IDENTITY[sdk=iphoneos*]" = "iPhone Developer";
				COPY_PHASE_STRIP = NO;
				DEBUG_INFORMATION_FORMAT = "dwarf-with-dsym";
				ENABLE_NS_ASSERTIONS = NO;
				ENABLE_STRICT_OBJC_MSGSEND = YES;
				GCC_C_LANGUAGE_STANDARD = gnu99;
				GCC_NO_COMMON_BLOCKS = YES;
				GCC_WARN_64_TO_32_BIT_CONVERSION = YES;
				GCC_WARN_ABOUT_RETURN_TYPE = YES_ERROR;
				GCC_WARN_UNDECLARED_SELECTOR = YES;
				GCC_WARN_UNINITIALIZED_AUTOS = YES_AGGRESSIVE;
				GCC_WARN_UNUSED_FUNCTION = YES;
				GCC_WARN_UNUSED_VARIABLE = YES;
				IPHONEOS_DEPLOYMENT_TARGET = 9.3;
				MTL_ENABLE_DEBUG_INFO = NO;
				SDKROOT = iphoneos;
				VALIDATE_PRODUCT = YES;
			};
			name = Release;
		};
		AEBFEAB81D51ED3300ECB23D /* Debug */ = {
			isa = XCBuildConfiguration;
			buildSettings = {
				ASSETCATALOG_COMPILER_APPICON_NAME = AppIcon;
				DEVELOPMENT_TEAM = FMD48QW6R3;
				INFOPLIST_FILE = IntercepterDemo/Info.plist;
				LD_RUNPATH_SEARCH_PATHS = "$(inherited) @executable_path/Frameworks";
				PRODUCT_BUNDLE_IDENTIFIER = cn.itcast.IntercepterDemo;
				PRODUCT_NAME = "$(TARGET_NAME)";
			};
			name = Debug;
		};
		AEBFEAB91D51ED3300ECB23D /* Release */ = {
			isa = XCBuildConfiguration;
			buildSettings = {
				ASSETCATALOG_COMPILER_APPICON_NAME = AppIcon;
				DEVELOPMENT_TEAM = FMD48QW6R3;
				INFOPLIST_FILE = IntercepterDemo/Info.plist;
				LD_RUNPATH_SEARCH_PATHS = "$(inherited) @executable_path/Frameworks";
				PRODUCT_BUNDLE_IDENTIFIER = cn.itcast.IntercepterDemo;
				PRODUCT_NAME = "$(TARGET_NAME)";
			};
			name = Release;
		};
/* End XCBuildConfiguration section */

/* Begin XCConfigurationList section */
		AEBFEA9B1D51ED3300ECB23D /* Build configuration list for PBXProject "IntercepterDemo" */ = {
			isa = XCConfigurationList;
			buildConfigurations = (
				AEBFEAB51D51ED3300ECB23D /* Debug */,
				AEBFEAB61D51ED3300ECB23D /* Release */,
			);
			defaultConfigurationIsVisible = 0;
			defaultConfigurationName = Release;
		};
		AEBFEAB71D51ED3300ECB23D /* Build configuration list for PBXNativeTarget "IntercepterDemo" */ = {
			isa = XCConfigurationList;
			buildConfigurations = (
				AEBFEAB81D51ED3300ECB23D /* Debug */,
				AEBFEAB91D51ED3300ECB23D /* Release */,
			);
			defaultConfigurationIsVisible = 0;
			defaultConfigurationName = Release;
		};
/* End XCConfigurationList section */
	};
	rootObject = AEBFEA981D51ED3300ECB23D /* Project object */;
}
